
Microsoft Visual Studio Solution File, Format Version 12.00
# Visual Studio Version 16
VisualStudioVersion = 16.0.30717.126
MinimumVisualStudioVersion = 10.0.40219.1
Project("{FAE04EC0-301F-11D3-BF4B-00C04F79EFBC}") = "WinFormPersonelTakip", "WinFormPersonelTakip\WinFormPersonelTakip.csproj", "{F96654D1-7C03-4E54-9E80-2B068C01195F}"
EndProject
Global
	GlobalSection(SolutionConfigurationPlatforms) = preSolution
		Debug|Any CPU = Debug|Any CPU
		Release|Any CPU = Release|Any CPU
	EndGlobalSection
	GlobalSection(ProjectConfigurationPlatforms) = postSolution
		{F96654D1-7C03-4E54-9E80-2B068C01195F}.Debug|Any CPU.ActiveCfg = Debug|Any CPU
		{F96654D1-7C03-4E54-9E80-2B068C01195F}.Debug|Any CPU.Build.0 = Debug|Any CPU
		{F96654D1-7C03-4E54-9E80-2B068C01195F}.Release|Any CPU.ActiveCfg = Release|Any CPU
		{F96654D1-7C03-4E54-9E80-2B068C01195F}.Release|Any CPU.Build.0 = Release|Any CPU
	EndGlobalSection
	GlobalSection(SolutionProperties) = preSolution
		HideSolutionNode = FALSE
	EndGlobalSection
	GlobalSection(ExtensibilityGlobals) = postSolution
		SolutionGuid = {E3B80FA3-E23F-4A79-80AC-D62F7E93F874}
	EndGlobalSection
EndGlobal
